
Microsoft Visual Studio Solution File, Format Version 12.00
# Visual Studio Version 17
VisualStudioVersion = 17.14.37328.6
MinimumVisualStudioVersion = 10.0.40219.1
Project("{FAE04EC0-301F-11D3-BF4B-00C04F79EFBC}") = "LibraryManagementApp", "LibraryManagementApp.csproj", "{806C2EBE-BAB5-47EC-9895-DF2AC4BC00FC}"
EndProject
Project("{FAE04EC0-301F-11D3-BF4B-00C04F79EFBC}") = "LibraryManagementTest", "..\LibraryManagementTest\LibraryManagementTest.csproj", "{BF0C9BF3-4638-4DD1-B555-76353BD1C785}"
EndProject
Global
	GlobalSection(SolutionConfigurationPlatforms) = preSolution
		Debug|Any CPU = Debug|Any CPU
		Release|Any CPU = Release|Any CPU
	EndGlobalSection
	GlobalSection(ProjectConfigurationPlatforms) = postSolution
		{806C2EBE-BAB5-47EC-9895-DF2AC4BC00FC}.Debug|Any CPU.ActiveCfg = Debug|Any CPU
		{806C2EBE-BAB5-47EC-9895-DF2AC4BC00FC}.Debug|Any CPU.Build.0 = Debug|Any CPU
		{806C2EBE-BAB5-47EC-9895-DF2AC4BC00FC}.Release|Any CPU.ActiveCfg = Release|Any CPU
		{806C2EBE-BAB5-47EC-9895-DF2AC4BC00FC}.Release|Any CPU.Build.0 = Release|Any CPU
		{BF0C9BF3-4638-4DD1-B555-76353BD1C785}.Debug|Any CPU.ActiveCfg = Debug|Any CPU
		{BF0C9BF3-4638-4DD1-B555-76353BD1C785}.Debug|Any CPU.Build.0 = Debug|Any CPU
		{BF0C9BF3-4638-4DD1-B555-76353BD1C785}.Release|Any CPU.ActiveCfg = Release|Any CPU
		{BF0C9BF3-4638-4DD1-B555-76353BD1C785}.Release|Any CPU.Build.0 = Release|Any CPU
	EndGlobalSection
	GlobalSection(SolutionProperties) = preSolution
		HideSolutionNode = FALSE
	EndGlobalSection
	GlobalSection(ExtensibilityGlobals) = postSolution
		SolutionGuid = {C54C5BAA-7D9D-47B5-92E1-5907BC2963B4}
	EndGlobalSection
EndGlobal
