
Microsoft Visual Studio Solution File, Format Version 12.00
# Visual Studio Version 17
VisualStudioVersion = 17.14.37328.6 d17.14
MinimumVisualStudioVersion = 10.0.40219.1
Project("{FAE04EC0-301F-11D3-BF4B-00C04F79EFBC}") = "AppointmentApp", "AppointmentApp.csproj", "{BB6339C4-F71F-4718-B6B5-2D228B316038}"
EndProject
Global
	GlobalSection(SolutionConfigurationPlatforms) = preSolution
		Debug|Any CPU = Debug|Any CPU
		Release|Any CPU = Release|Any CPU
	EndGlobalSection
	GlobalSection(ProjectConfigurationPlatforms) = postSolution
		{BB6339C4-F71F-4718-B6B5-2D228B316038}.Debug|Any CPU.ActiveCfg = Debug|Any CPU
		{BB6339C4-F71F-4718-B6B5-2D228B316038}.Debug|Any CPU.Build.0 = Debug|Any CPU
		{BB6339C4-F71F-4718-B6B5-2D228B316038}.Release|Any CPU.ActiveCfg = Release|Any CPU
		{BB6339C4-F71F-4718-B6B5-2D228B316038}.Release|Any CPU.Build.0 = Release|Any CPU
	EndGlobalSection
	GlobalSection(SolutionProperties) = preSolution
		HideSolutionNode = FALSE
	EndGlobalSection
	GlobalSection(ExtensibilityGlobals) = postSolution
		SolutionGuid = {F6174078-8B4E-4DF1-A661-4359D0CC5D75}
	EndGlobalSection
EndGlobal
