
Microsoft Visual Studio Solution File, Format Version 12.00
# Visual Studio Version 17
VisualStudioVersion = 17.14.37328.6 d17.14
MinimumVisualStudioVersion = 10.0.40219.1
Project("{FAE04EC0-301F-11D3-BF4B-00C04F79EFBC}") = "FleetMaintenanceAPI", "FleetMaintenanceAPI.csproj", "{37AE8513-F536-4B78-AB73-17DFD15E4509}"
EndProject
Global
	GlobalSection(SolutionConfigurationPlatforms) = preSolution
		Debug|Any CPU = Debug|Any CPU
		Release|Any CPU = Release|Any CPU
	EndGlobalSection
	GlobalSection(ProjectConfigurationPlatforms) = postSolution
		{37AE8513-F536-4B78-AB73-17DFD15E4509}.Debug|Any CPU.ActiveCfg = Debug|Any CPU
		{37AE8513-F536-4B78-AB73-17DFD15E4509}.Debug|Any CPU.Build.0 = Debug|Any CPU
		{37AE8513-F536-4B78-AB73-17DFD15E4509}.Release|Any CPU.ActiveCfg = Release|Any CPU
		{37AE8513-F536-4B78-AB73-17DFD15E4509}.Release|Any CPU.Build.0 = Release|Any CPU
	EndGlobalSection
	GlobalSection(SolutionProperties) = preSolution
		HideSolutionNode = FALSE
	EndGlobalSection
	GlobalSection(ExtensibilityGlobals) = postSolution
		SolutionGuid = {B991AD85-F7E9-4394-8313-20EECA0E39C6}
	EndGlobalSection
EndGlobal
